
Microsoft Visual Studio Solution File, Format Version 12.00
# Visual Studio Version 16
VisualStudioVersion = 25.0.1706.5
MinimumVisualStudioVersion = 10.0.40219.1
Project("{FAE04EC0-301F-11D3-BF4B-00C04F79EFBC}") = "PracticeExercise2", "PracticeExercise2\PracticeExercise2.csproj", "{DFE2FD33-2187-4BA3-AEA2-3A3DE2C60E18}"
EndProject
Project("{FAE04EC0-301F-11D3-BF4B-00C04F79EFBC}") = "UnitTests", "UnitTests\UnitTests.csproj", "{9186120F-FCA4-416E-BBF5-FE589DD2A0E9}"
EndProject
Global
	GlobalSection(SolutionConfigurationPlatforms) = preSolution
		Debug|Any CPU = Debug|Any CPU
		Release|Any CPU = Release|Any CPU
	EndGlobalSection
	GlobalSection(ProjectConfigurationPlatforms) = postSolution
		{DFE2FD33-2187-4BA3-AEA2-3A3DE2C60E18}.Debug|Any CPU.ActiveCfg = Debug|Any CPU
		{DFE2FD33-2187-4BA3-AEA2-3A3DE2C60E18}.Debug|Any CPU.Build.0 = Debug|Any CPU
		{DFE2FD33-2187-4BA3-AEA2-3A3DE2C60E18}.Release|Any CPU.ActiveCfg = Release|Any CPU
		{DFE2FD33-2187-4BA3-AEA2-3A3DE2C60E18}.Release|Any CPU.Build.0 = Release|Any CPU
		{9186120F-FCA4-416E-BBF5-FE589DD2A0E9}.Debug|Any CPU.ActiveCfg = Debug|Any CPU
		{9186120F-FCA4-416E-BBF5-FE589DD2A0E9}.Debug|Any CPU.Build.0 = Debug|Any CPU
		{9186120F-FCA4-416E-BBF5-FE589DD2A0E9}.Release|Any CPU.ActiveCfg = Release|Any CPU
		{9186120F-FCA4-416E-BBF5-FE589DD2A0E9}.Release|Any CPU.Build.0 = Release|Any CPU
	EndGlobalSection
	GlobalSection(SolutionProperties) = preSolution
		HideSolutionNode = FALSE
	EndGlobalSection
	GlobalSection(ExtensibilityGlobals) = postSolution
		SolutionGuid = {0B93D8A4-4E2A-4ED7-A348-40121A3FE07B}
	EndGlobalSection
EndGlobal
